
Microsoft Visual Studio Solution File, Format Version 12.00
# Visual Studio Version 16
VisualStudioVersion = 16.0.30128.74
MinimumVisualStudioVersion = 10.0.40219.1
Project("{FAE04EC0-301F-11D3-BF4B-00C04F79EFBC}") = "SQLServer Setup", "SQLServer Setup\SQLServer Setup.csproj", "{AB8AB7E6-3825-4F2C-B58F-AE30ECD5B060}"
EndProject
Global
	GlobalSection(SolutionConfigurationPlatforms) = preSolution
		Debug|Any CPU = Debug|Any CPU
		Release|Any CPU = Release|Any CPU
	EndGlobalSection
	GlobalSection(ProjectConfigurationPlatforms) = postSolution
		{AB8AB7E6-3825-4F2C-B58F-AE30ECD5B060}.Debug|Any CPU.ActiveCfg = Debug|Any CPU
		{AB8AB7E6-3825-4F2C-B58F-AE30ECD5B060}.Debug|Any CPU.Build.0 = Debug|Any CPU
		{AB8AB7E6-3825-4F2C-B58F-AE30ECD5B060}.Release|Any CPU.ActiveCfg = Release|Any CPU
		{AB8AB7E6-3825-4F2C-B58F-AE30ECD5B060}.Release|Any CPU.Build.0 = Release|Any CPU
	EndGlobalSection
	GlobalSection(SolutionProperties) = preSolution
		HideSolutionNode = FALSE
	EndGlobalSection
	GlobalSection(ExtensibilityGlobals) = postSolution
		SolutionGuid = {7CF0BC8E-3E79-4C06-8C61-A0FB99A6E649}
	EndGlobalSection
EndGlobal
